
Microsoft Visual Studio Solution File, Format Version 11.00
# Visual Studio 2010
Project("{FAE04EC0-301F-11D3-BF4B-00C04F79EFBC}") = "Colorado", "Colorado.csproj", "{12F5964C-2BDE-4379-915B-E55322B5DE75}"
EndProject
Project("{FAE04EC0-301F-11D3-BF4B-00C04F79EFBC}") = "ColoradoTests", "ColoradoTests\ColoradoTests.csproj", "{64A2D360-A3A2-4F87-8983-EC4A18E8F053}"
EndProject
Project("{FAE04EC0-301F-11D3-BF4B-00C04F79EFBC}") = "GtkUtil", "..\CsMyLib\GtkUtil\GtkUtil.csproj", "{990E54DA-96E8-412B-8A4D-E79BDCA5F280}"
EndProject
Global
	GlobalSection(SolutionConfigurationPlatforms) = preSolution
		Debug|AnyCPU = Debug|AnyCPU
		Release|AnyCPU = Release|AnyCPU
	EndGlobalSection
	GlobalSection(ProjectConfigurationPlatforms) = postSolution
		{12F5964C-2BDE-4379-915B-E55322B5DE75}.Debug|AnyCPU.ActiveCfg = Debug|Any CPU
		{12F5964C-2BDE-4379-915B-E55322B5DE75}.Debug|AnyCPU.Build.0 = Debug|Any CPU
		{12F5964C-2BDE-4379-915B-E55322B5DE75}.Release|AnyCPU.ActiveCfg = Release|Any CPU
		{12F5964C-2BDE-4379-915B-E55322B5DE75}.Release|AnyCPU.Build.0 = Release|Any CPU
		{64A2D360-A3A2-4F87-8983-EC4A18E8F053}.Debug|AnyCPU.ActiveCfg = Debug|Any CPU
		{64A2D360-A3A2-4F87-8983-EC4A18E8F053}.Debug|AnyCPU.Build.0 = Debug|Any CPU
		{64A2D360-A3A2-4F87-8983-EC4A18E8F053}.Release|AnyCPU.ActiveCfg = Release|Any CPU
		{64A2D360-A3A2-4F87-8983-EC4A18E8F053}.Release|AnyCPU.Build.0 = Release|Any CPU
		{990E54DA-96E8-412B-8A4D-E79BDCA5F280}.Debug|AnyCPU.ActiveCfg = Debug|Any CPU
		{990E54DA-96E8-412B-8A4D-E79BDCA5F280}.Debug|AnyCPU.Build.0 = Debug|Any CPU
		{990E54DA-96E8-412B-8A4D-E79BDCA5F280}.Release|AnyCPU.ActiveCfg = Release|Any CPU
		{990E54DA-96E8-412B-8A4D-E79BDCA5F280}.Release|AnyCPU.Build.0 = Release|Any CPU
	EndGlobalSection
	GlobalSection(MonoDevelopProperties) = preSolution
		Policies = $0
		$0.DotNetNamingPolicy = $1
		$1.DirectoryNamespaceAssociation = Hierarchical
		$1.ResourceNamePolicy = FileFormatDefault
	EndGlobalSection
EndGlobal
